
Microsoft Visual Studio Solution File, Format Version 12.00
# Visual Studio Version 17
VisualStudioVersion = 17.14.36705.20
MinimumVisualStudioVersion = 10.0.40219.1
Project("{FAE04EC0-301F-11D3-BF4B-00C04F79EFBC}") = "ReactMaterialUIShowcaseApi", "ReactMaterialUIShowcaseApi.csproj", "{3693279E-4D99-4EAE-B1BB-B268F36BD6C7}"
EndProject
Global
	GlobalSection(SolutionConfigurationPlatforms) = preSolution
		Debug|Any CPU = Debug|Any CPU
		Release|Any CPU = Release|Any CPU
	EndGlobalSection
	GlobalSection(ProjectConfigurationPlatforms) = postSolution
		{3693279E-4D99-4EAE-B1BB-B268F36BD6C7}.Debug|Any CPU.ActiveCfg = Debug|Any CPU
		{3693279E-4D99-4EAE-B1BB-B268F36BD6C7}.Debug|Any CPU.Build.0 = Debug|Any CPU
		{3693279E-4D99-4EAE-B1BB-B268F36BD6C7}.Release|Any CPU.ActiveCfg = Release|Any CPU
		{3693279E-4D99-4EAE-B1BB-B268F36BD6C7}.Release|Any CPU.Build.0 = Release|Any CPU
	EndGlobalSection
	GlobalSection(SolutionProperties) = preSolution
		HideSolutionNode = FALSE
	EndGlobalSection
	GlobalSection(ExtensibilityGlobals) = postSolution
		SolutionGuid = {82157C4A-3371-4608-A12C-23E4C9FBB0CF}
	EndGlobalSection
EndGlobal
